
Microsoft Visual Studio Solution File, Format Version 10.00
# Visual Studio 2008
Project("{FAE04EC0-301F-11D3-BF4B-00C04F79EFBC}") = "ds30LoaderGUI", "ds30 Loader GUI\ds30LoaderGUI.csproj", "{A8CC9936-6178-4566-A68A-2519A61350CC}"
	ProjectSection(ProjectDependencies) = postProject
		{D7B00D8E-C7D8-4FA4-8440-C6BB109CC9FA} = {D7B00D8E-C7D8-4FA4-8440-C6BB109CC9FA}
	EndProjectSection
EndProject
Project("{FAE04EC0-301F-11D3-BF4B-00C04F79EFBC}") = "ds30Loader", "..\..\ds30 Loader\current\ds30 Loader\ds30Loader.csproj", "{D7B00D8E-C7D8-4FA4-8440-C6BB109CC9FA}"
EndProject
Global
	GlobalSection(SolutionConfigurationPlatforms) = preSolution
		Debug|Any CPU = Debug|Any CPU
		Release|Any CPU = Release|Any CPU
	EndGlobalSection
	GlobalSection(ProjectConfigurationPlatforms) = postSolution
		{A8CC9936-6178-4566-A68A-2519A61350CC}.Debug|Any CPU.ActiveCfg = Debug|Any CPU
		{A8CC9936-6178-4566-A68A-2519A61350CC}.Debug|Any CPU.Build.0 = Debug|Any CPU
		{A8CC9936-6178-4566-A68A-2519A61350CC}.Release|Any CPU.ActiveCfg = Release|Any CPU
		{A8CC9936-6178-4566-A68A-2519A61350CC}.Release|Any CPU.Build.0 = Release|Any CPU
		{D7B00D8E-C7D8-4FA4-8440-C6BB109CC9FA}.Debug|Any CPU.ActiveCfg = Debug|Any CPU
		{D7B00D8E-C7D8-4FA4-8440-C6BB109CC9FA}.Debug|Any CPU.Build.0 = Debug|Any CPU
		{D7B00D8E-C7D8-4FA4-8440-C6BB109CC9FA}.Release|Any CPU.ActiveCfg = Release|Any CPU
		{D7B00D8E-C7D8-4FA4-8440-C6BB109CC9FA}.Release|Any CPU.Build.0 = Release|Any CPU
	EndGlobalSection
	GlobalSection(SolutionProperties) = preSolution
		HideSolutionNode = FALSE
	EndGlobalSection
EndGlobal
