<?xml version="1.0" encoding="UTF-8" standalone="yes" ?>
<CodeBlocks_project_file>
	<FileVersion major="1" minor="6" />
	<Project>
		<Option title="irtoy" />
		<Option pch_mode="2" />
		<Option compiler="gcc" />
		<Build>
			<Target title="Windows Debug">
				<Option output="bin/windows/Debug/irtoy" prefix_auto="1" extension_auto="1" />
				<Option object_output="obj/windows/Debug/" />
				<Option type="1" />
				<Option compiler="gcc" />
				<Option parameters="-d COM20  -r -p -f test  -v  -b 512" />
				<Compiler>
					<Add option="-g" />
				</Compiler>
			</Target>
			<Target title="windows Release">
				<Option output="bin/windows/Release/irtoy" prefix_auto="1" extension_auto="1" />
				<Option object_output="obj/windows/Release/" />
				<Option type="1" />
				<Option compiler="gcc" />
				<Option parameters="-d COM20 -p -f test -v  -r" />
				<Compiler>
					<Add option="-O2" />
				</Compiler>
				<Linker>
					<Add option="-s" />
				</Linker>
			</Target>
			<Target title="Linux debug">
				<Option output="bin/debian5/Debug/irtoy" prefix_auto="1" extension_auto="1" />
				<Option object_output="obj/debian5/Debug/" />
				<Option type="1" />
				<Option compiler="gcc" />
				<Option parameters="-d  /dev/ttyACM0  -f  test -r  -p  -v  " />
				<Compiler>
					<Add option="-g" />
				</Compiler>
			</Target>
			<Target title="Linux Release">
				<Option output="bin/debian5/Release/irtoy" prefix_auto="1" extension_auto="1" />
				<Option object_output="obj/debian5/Release/" />
				<Option type="1" />
				<Option compiler="gcc" />
				<Option parameters="-d  /dev/ttyACM0  -f  test -p  -v   -r" />
				<Linker>
					<Add option="-s" />
				</Linker>
			</Target>
			<Target title="MAC OS debug">
				<Option output="bin/MacOS/Debug/irtoy" prefix_auto="1" extension_auto="1" />
				<Option object_output="obj/MacOS/Debug/" />
				<Option type="1" />
				<Option compiler="gcc" />
				<Option parameters="-d  /dev/tty.usbmodem00000001  -f  test -p  -v  " />
				<Compiler>
					<Add option="-g" />
				</Compiler>
			</Target>
			<Target title="MAC OS Release">
				<Option output="bin/MacOS/Release/irtoy" prefix_auto="1" extension_auto="1" />
				<Option object_output="obj/MacOS/Release/" />
				<Option type="1" />
				<Option compiler="gcc" />
				<Option parameters="-d  /dev/tty.usbmodem00000001  -f  test -p  -v   -r" />
			</Target>
		</Build>
		<Compiler>
			<Add option="-Wall" />
		</Compiler>
		<Unit filename="bin.c">
			<Option compilerVar="CC" />
		</Unit>
		<Unit filename="bin.h" />
		<Unit filename="config.h">
			<Option target="Windows Debug" />
			<Option target="windows Release" />
		</Unit>
		<Unit filename="kbhit.c">
			<Option compilerVar="CC" />
		</Unit>
		<Unit filename="kbhit.h" />
		<Unit filename="main.c">
			<Option compilerVar="CC" />
		</Unit>
		<Unit filename="ols.c">
			<Option compilerVar="CC" />
		</Unit>
		<Unit filename="ols.h" />
		<Unit filename="queue.c">
			<Option compilerVar="CC" />
		</Unit>
		<Unit filename="queue.h" />
		<Unit filename="serial.c">
			<Option compilerVar="CC" />
		</Unit>
		<Unit filename="serial.h" />
		<Unit filename="txt.c">
			<Option compilerVar="CC" />
		</Unit>
		<Unit filename="txt.h" />
		<Extensions>
			<code_completion />
			<envvars />
			<debugger />
		</Extensions>
	</Project>
</CodeBlocks_project_file>
